// !$*UTF8*$!
{
	archiveVersion = 1;
	classes = {
	};
	objectVersion = 77;
	objects = {

/* Begin PBXBuildFile section */
		133898601EC88BBC4E1DC736 /* Pods_RecipeNotes.framework in Frameworks */ = {isa = PBXBuildFile; fileRef = AD30F21D187040DDE63362EE /* Pods_RecipeNotes.framework */; };
		614DB2C799BF454A090B966E /* Pods_RecipeNotes_RecipeNotesUITests.framework in Frameworks */ = {isa = PBXBuildFile; fileRef = CBAB41257C8C6E5CFAE708C6 /* Pods_RecipeNotes_RecipeNotesUITests.framework */; };
		C351DAA624E5F08E19C3C00E /* Pods_RecipeNotesTests.framework in Frameworks */ = {isa = PBXBuildFile; fileRef = 42EC44E3E5B13610D598027B /* Pods_RecipeNotesTests.framework */; };
/* End PBXBuildFile section */

/* Begin PBXContainerItemProxy section */
		691C72572E55FEA90040208B /* PBXContainerItemProxy */ = {
			isa = PBXContainerItemProxy;
			containerPortal = 691C723F2E55FEA70040208B /* Project object */;
			proxyType = 1;
			remoteGlobalIDString = 691C72462E55FEA70040208B;
			remoteInfo = RecipeNotes;
		};
		691C72612E55FEA90040208B /* PBXContainerItemProxy */ = {
			isa = PBXContainerItemProxy;
			containerPortal = 691C723F2E55FEA70040208B /* Project object */;
			proxyType = 1;
			remoteGlobalIDString = 691C72462E55FEA70040208B;
			remoteInfo = RecipeNotes;
		};
/* End PBXContainerItemProxy section */

/* Begin PBXFileReference section */
		317246E0687E4B9E5E40E1C9 /* Pods-RecipeNotesTests.release.xcconfig */ = {isa = PBXFileReference; includeInIndex = 1; lastKnownFileType = text.xcconfig; name = "Pods-RecipeNotesTests.release.xcconfig"; path = "Target Support Files/Pods-RecipeNotesTests/Pods-RecipeNotesTests.release.xcconfig"; sourceTree = "<group>"; };
		42EC44E3E5B13610D598027B /* Pods_RecipeNotesTests.framework */ = {isa = PBXFileReference; explicitFileType = wrapper.framework; includeInIndex = 0; path = Pods_RecipeNotesTests.framework; sourceTree = BUILT_PRODUCTS_DIR; };
		691C72472E55FEA70040208B /* RecipeNotes.app */ = {isa = PBXFileReference; explicitFileType = wrapper.application; includeInIndex = 0; path = RecipeNotes.app; sourceTree = BUILT_PRODUCTS_DIR; };
		691C72562E55FEA90040208B /* RecipeNotesTests.xctest */ = {isa = PBXFileReference; explicitFileType = wrapper.cfbundle; includeInIndex = 0; path = RecipeNotesTests.xctest; sourceTree = BUILT_PRODUCTS_DIR; };
		691C72602E55FEA90040208B /* RecipeNotesUITests.xctest */ = {isa = PBXFileReference; explicitFileType = wrapper.cfbundle; includeInIndex = 0; path = RecipeNotesUITests.xctest; sourceTree = BUILT_PRODUCTS_DIR; };
		7E5DCFA647807BC2BBA852BD /* Pods-RecipeNotesTests.debug.xcconfig */ = {isa = PBXFileReference; includeInIndex = 1; lastKnownFileType = text.xcconfig; name = "Pods-RecipeNotesTests.debug.xcconfig"; path = "Target Support Files/Pods-RecipeNotesTests/Pods-RecipeNotesTests.debug.xcconfig"; sourceTree = "<group>"; };
		AD30F21D187040DDE63362EE /* Pods_RecipeNotes.framework */ = {isa = PBXFileReference; explicitFileType = wrapper.framework; includeInIndex = 0; path = Pods_RecipeNotes.framework; sourceTree = BUILT_PRODUCTS_DIR; };
		B0ACF7138F23BB9AB19068B4 /* Pods-RecipeNotes-RecipeNotesUITests.release.xcconfig */ = {isa = PBXFileReference; includeInIndex = 1; lastKnownFileType = text.xcconfig; name = "Pods-RecipeNotes-RecipeNotesUITests.release.xcconfig"; path = "Target Support Files/Pods-RecipeNotes-RecipeNotesUITests/Pods-RecipeNotes-RecipeNotesUITests.release.xcconfig"; sourceTree = "<group>"; };
		B42851E6FE9FB746F9A42274 /* Pods-RecipeNotes-RecipeNotesUITests.debug.xcconfig */ = {isa = PBXFileReference; includeInIndex = 1; lastKnownFileType = text.xcconfig; name = "Pods-RecipeNotes-RecipeNotesUITests.debug.xcconfig"; path = "Target Support Files/Pods-RecipeNotes-RecipeNotesUITests/Pods-RecipeNotes-RecipeNotesUITests.debug.xcconfig"; sourceTree = "<group>"; };
		CBAB41257C8C6E5CFAE708C6 /* Pods_RecipeNotes_RecipeNotesUITests.framework */ = {isa = PBXFileReference; explicitFileType = wrapper.framework; includeInIndex = 0; path = Pods_RecipeNotes_RecipeNotesUITests.framework; sourceTree = BUILT_PRODUCTS_DIR; };
		EB164F0AEE4C73C9DF52AA37 /* Pods-RecipeNotes.debug.xcconfig */ = {isa = PBXFileReference; includeInIndex = 1; lastKnownFileType = text.xcconfig; name = "Pods-RecipeNotes.debug.xcconfig"; path = "Target Support Files/Pods-RecipeNotes/Pods-RecipeNotes.debug.xcconfig"; sourceTree = "<group>"; };
		EB7A504154B870D1FA1BCA8E /* Pods-RecipeNotes.release.xcconfig */ = {isa = PBXFileReference; includeInIndex = 1; lastKnownFileType = text.xcconfig; name = "Pods-RecipeNotes.release.xcconfig"; path = "Target Support Files/Pods-RecipeNotes/Pods-RecipeNotes.release.xcconfig"; sourceTree = "<group>"; };
/* End PBXFileReference section */

/* Begin PBXFileSystemSynchronizedRootGroup section */
		691C72492E55FEA70040208B /* RecipeNotes */ = {
			isa = PBXFileSystemSynchronizedRootGroup;
			path = RecipeNotes;
			sourceTree = "<group>";
		};
		691C72592E55FEA90040208B /* RecipeNotesTests */ = {
			isa = PBXFileSystemSynchronizedRootGroup;
			path = RecipeNotesTests;
			sourceTree = "<group>";
		};
		691C72632E55FEA90040208B /* RecipeNotesUITests */ = {
			isa = PBXFileSystemSynchronizedRootGroup;
			path = RecipeNotesUITests;
			sourceTree = "<group>";
		};
/* End PBXFileSystemSynchronizedRootGroup section */

/* Begin PBXFrameworksBuildPhase section */
		691C72442E55FEA70040208B /* Frameworks */ = {
			isa = PBXFrameworksBuildPhase;
			buildActionMask = 2147483647;
			files = (
				133898601EC88BBC4E1DC736 /* Pods_RecipeNotes.framework in Frameworks */,
			);
			runOnlyForDeploymentPostprocessing = 0;
		};
		691C72532E55FEA90040208B /* Frameworks */ = {
			isa = PBXFrameworksBuildPhase;
			buildActionMask = 2147483647;
			files = (
				C351DAA624E5F08E19C3C00E /* Pods_RecipeNotesTests.framework in Frameworks */,
			);
			runOnlyForDeploymentPostprocessing = 0;
		};
		691C725D2E55FEA90040208B /* Frameworks */ = {
			isa = PBXFrameworksBuildPhase;
			buildActionMask = 2147483647;
			files = (
				614DB2C799BF454A090B966E /* Pods_RecipeNotes_RecipeNotesUITests.framework in Frameworks */,
			);
			runOnlyForDeploymentPostprocessing = 0;
		};
/* End PBXFrameworksBuildPhase section */

/* Begin PBXGroup section */
		4F54DE51676CD2565DDB42B4 /* Pods */ = {
			isa = PBXGroup;
			children = (
				EB164F0AEE4C73C9DF52AA37 /* Pods-RecipeNotes.debug.xcconfig */,
				EB7A504154B870D1FA1BCA8E /* Pods-RecipeNotes.release.xcconfig */,
				B42851E6FE9FB746F9A42274 /* Pods-RecipeNotes-RecipeNotesUITests.debug.xcconfig */,
				B0ACF7138F23BB9AB19068B4 /* Pods-RecipeNotes-RecipeNotesUITests.release.xcconfig */,
				7E5DCFA647807BC2BBA852BD /* Pods-RecipeNotesTests.debug.xcconfig */,
				317246E0687E4B9E5E40E1C9 /* Pods-RecipeNotesTests.release.xcconfig */,
			);
			path = Pods;
			sourceTree = "<group>";
		};
		691C723E2E55FEA70040208B = {
			isa = PBXGroup;
			children = (
				691C72492E55FEA70040208B /* RecipeNotes */,
				691C72592E55FEA90040208B /* RecipeNotesTests */,
				691C72632E55FEA90040208B /* RecipeNotesUITests */,
				691C72482E55FEA70040208B /* Products */,
				4F54DE51676CD2565DDB42B4 /* Pods */,
				712ABD56F2B53AFF001409D4 /* Frameworks */,
			);
			sourceTree = "<group>";
		};
		691C72482E55FEA70040208B /* Products */ = {
			isa = PBXGroup;
			children = (
				691C72472E55FEA70040208B /* RecipeNotes.app */,
				691C72562E55FEA90040208B /* RecipeNotesTests.xctest */,
				691C72602E55FEA90040208B /* RecipeNotesUITests.xctest */,
			);
			name = Products;
			sourceTree = "<group>";
		};
		712ABD56F2B53AFF001409D4 /* Frameworks */ = {
			isa = PBXGroup;
			children = (
				AD30F21D187040DDE63362EE /* Pods_RecipeNotes.framework */,
				CBAB41257C8C6E5CFAE708C6 /* Pods_RecipeNotes_RecipeNotesUITests.framework */,
				42EC44E3E5B13610D598027B /* Pods_RecipeNotesTests.framework */,
			);
			name = Frameworks;
			sourceTree = "<group>";
		};
/* End PBXGroup section */

/* Begin PBXNativeTarget section */
		691C72462E55FEA70040208B /* RecipeNotes */ = {
			isa = PBXNativeTarget;
			buildConfigurationList = 691C726A2E55FEA90040208B /* Build configuration list for PBXNativeTarget "RecipeNotes" */;
			buildPhases = (
				8A26FB5C8491B2F8463A7D4E /* [CP] Check Pods Manifest.lock */,
				691C72432E55FEA70040208B /* Sources */,
				691C72442E55FEA70040208B /* Frameworks */,
				691C72452E55FEA70040208B /* Resources */,
			);
			buildRules = (
			);
			dependencies = (
			);
			fileSystemSynchronizedGroups = (
				691C72492E55FEA70040208B /* RecipeNotes */,
			);
			name = RecipeNotes;
			productName = RecipeNotes;
			productReference = 691C72472E55FEA70040208B /* RecipeNotes.app */;
			productType = "com.apple.product-type.application";
		};
		691C72552E55FEA90040208B /* RecipeNotesTests */ = {
			isa = PBXNativeTarget;
			buildConfigurationList = 691C726D2E55FEA90040208B /* Build configuration list for PBXNativeTarget "RecipeNotesTests" */;
			buildPhases = (
				C91B948F1D656FFAFC27E996 /* [CP] Check Pods Manifest.lock */,
				691C72522E55FEA90040208B /* Sources */,
				691C72532E55FEA90040208B /* Frameworks */,
				691C72542E55FEA90040208B /* Resources */,
			);
			buildRules = (
			);
			dependencies = (
				691C72582E55FEA90040208B /* PBXTargetDependency */,
			);
			fileSystemSynchronizedGroups = (
				691C72592E55FEA90040208B /* RecipeNotesTests */,
			);
			name = RecipeNotesTests;
			productName = RecipeNotesTests;
			productReference = 691C72562E55FEA90040208B /* RecipeNotesTests.xctest */;
			productType = "com.apple.product-type.bundle.unit-test";
		};
		691C725F2E55FEA90040208B /* RecipeNotesUITests */ = {
			isa = PBXNativeTarget;
			buildConfigurationList = 691C72702E55FEA90040208B /* Build configuration list for PBXNativeTarget "RecipeNotesUITests" */;
			buildPhases = (
				96D1B897E2C4A9027A9F6A94 /* [CP] Check Pods Manifest.lock */,
				691C725C2E55FEA90040208B /* Sources */,
				691C725D2E55FEA90040208B /* Frameworks */,
				691C725E2E55FEA90040208B /* Resources */,
			);
			buildRules = (
			);
			dependencies = (
				691C72622E55FEA90040208B /* PBXTargetDependency */,
			);
			fileSystemSynchronizedGroups = (
				691C72632E55FEA90040208B /* RecipeNotesUITests */,
			);
			name = RecipeNotesUITests;
			productName = RecipeNotesUITests;
			productReference = 691C72602E55FEA90040208B /* RecipeNotesUITests.xctest */;
			productType = "com.apple.product-type.bundle.ui-testing";
		};
/* End PBXNativeTarget section */

/* Begin PBXProject section */
		691C723F2E55FEA70040208B /* Project object */ = {
			isa = PBXProject;
			attributes = {
				BuildIndependentTargetsInParallel = 1;
				LastSwiftUpdateCheck = 1640;
				LastUpgradeCheck = 1640;
				TargetAttributes = {
					691C72462E55FEA70040208B = {
						CreatedOnToolsVersion = 16.4;
					};
					691C72552E55FEA90040208B = {
						CreatedOnToolsVersion = 16.4;
						TestTargetID = 691C72462E55FEA70040208B;
					};
					691C725F2E55FEA90040208B = {
						CreatedOnToolsVersion = 16.4;
						TestTargetID = 691C72462E55FEA70040208B;
					};
				};
			};
			buildConfigurationList = 691C72422E55FEA70040208B /* Build configuration list for PBXProject "RecipeNotes" */;
			developmentRegion = en;
			hasScannedForEncodings = 0;
			knownRegions = (
				en,
				Base,
				ja,
			);
			mainGroup = 691C723E2E55FEA70040208B;
			minimizedProjectReferenceProxies = 1;
			preferredProjectObjectVersion = 77;
			productRefGroup = 691C72482E55FEA70040208B /* Products */;
			projectDirPath = "";
			projectRoot = "";
			targets = (
				691C72462E55FEA70040208B /* RecipeNotes */,
				691C72552E55FEA90040208B /* RecipeNotesTests */,
				691C725F2E55FEA90040208B /* RecipeNotesUITests */,
			);
		};
/* End PBXProject section */

/* Begin PBXResourcesBuildPhase section */
		691C72452E55FEA70040208B /* Resources */ = {
			isa = PBXResourcesBuildPhase;
			buildActionMask = 2147483647;
			files = (
			);
			runOnlyForDeploymentPostprocessing = 0;
		};
		691C72542E55FEA90040208B /* Resources */ = {
			isa = PBXResourcesBuildPhase;
			buildActionMask = 2147483647;
			files = (
			);
			runOnlyForDeploymentPostprocessing = 0;
		};
		691C725E2E55FEA90040208B /* Resources */ = {
			isa = PBXResourcesBuildPhase;
			buildActionMask = 2147483647;
			files = (
			);
			runOnlyForDeploymentPostprocessing = 0;
		};
/* End PBXResourcesBuildPhase section */

/* Begin PBXShellScriptBuildPhase section */
		8A26FB5C8491B2F8463A7D4E /* [CP] Check Pods Manifest.lock */ = {
			isa = PBXShellScriptBuildPhase;
			buildActionMask = 2147483647;
			files = (
			);
			inputFileListPaths = (
			);
			inputPaths = (
				"${PODS_PODFILE_DIR_PATH}/Podfile.lock",
				"${PODS_ROOT}/Manifest.lock",
			);
			name = "[CP] Check Pods Manifest.lock";
			outputFileListPaths = (
			);
			outputPaths = (
				"$(DERIVED_FILE_DIR)/Pods-RecipeNotes-checkManifestLockResult.txt",
			);
			runOnlyForDeploymentPostprocessing = 0;
			shellPath = /bin/sh;
			shellScript = "diff \"${PODS_PODFILE_DIR_PATH}/Podfile.lock\" \"${PODS_ROOT}/Manifest.lock\" > /dev/null\nif [ $? != 0 ] ; then\n    # print error to STDERR\n    echo \"error: The sandbox is not in sync with the Podfile.lock. Run 'pod install' or update your CocoaPods installation.\" >&2\n    exit 1\nfi\n# This output is used by Xcode 'outputs' to avoid re-running this script phase.\necho \"SUCCESS\" > \"${SCRIPT_OUTPUT_FILE_0}\"\n";
			showEnvVarsInLog = 0;
		};
		96D1B897E2C4A9027A9F6A94 /* [CP] Check Pods Manifest.lock */ = {
			isa = PBXShellScriptBuildPhase;
			buildActionMask = 2147483647;
			files = (
			);
			inputFileListPaths = (
			);
			inputPaths = (
				"${PODS_PODFILE_DIR_PATH}/Podfile.lock",
				"${PODS_ROOT}/Manifest.lock",
			);
			name = "[CP] Check Pods Manifest.lock";
			outputFileListPaths = (
			);
			outputPaths = (
				"$(DERIVED_FILE_DIR)/Pods-RecipeNotes-RecipeNotesUITests-checkManifestLockResult.txt",
			);
			runOnlyForDeploymentPostprocessing = 0;
			shellPath = /bin/sh;
			shellScript = "diff \"${PODS_PODFILE_DIR_PATH}/Podfile.lock\" \"${PODS_ROOT}/Manifest.lock\" > /dev/null\nif [ $? != 0 ] ; then\n    # print error to STDERR\n    echo \"error: The sandbox is not in sync with the Podfile.lock. Run 'pod install' or update your CocoaPods installation.\" >&2\n    exit 1\nfi\n# This output is used by Xcode 'outputs' to avoid re-running this script phase.\necho \"SUCCESS\" > \"${SCRIPT_OUTPUT_FILE_0}\"\n";
			showEnvVarsInLog = 0;
		};
		C91B948F1D656FFAFC27E996 /* [CP] Check Pods Manifest.lock */ = {
			isa = PBXShellScriptBuildPhase;
			buildActionMask = 2147483647;
			files = (
			);
			inputFileListPaths = (
			);
			inputPaths = (
				"${PODS_PODFILE_DIR_PATH}/Podfile.lock",
				"${PODS_ROOT}/Manifest.lock",
			);
			name = "[CP] Check Pods Manifest.lock";
			outputFileListPaths = (
			);
			outputPaths = (
				"$(DERIVED_FILE_DIR)/Pods-RecipeNotesTests-checkManifestLockResult.txt",
			);
			runOnlyForDeploymentPostprocessing = 0;
			shellPath = /bin/sh;
			shellScript = "diff \"${PODS_PODFILE_DIR_PATH}/Podfile.lock\" \"${PODS_ROOT}/Manifest.lock\" > /dev/null\nif [ $? != 0 ] ; then\n    # print error to STDERR\n    echo \"error: The sandbox is not in sync with the Podfile.lock. Run 'pod install' or update your CocoaPods installation.\" >&2\n    exit 1\nfi\n# This output is used by Xcode 'outputs' to avoid re-running this script phase.\necho \"SUCCESS\" > \"${SCRIPT_OUTPUT_FILE_0}\"\n";
			showEnvVarsInLog = 0;
		};
/* End PBXShellScriptBuildPhase section */

/* Begin PBXSourcesBuildPhase section */
		691C72432E55FEA70040208B /* Sources */ = {
			isa = PBXSourcesBuildPhase;
			buildActionMask = 2147483647;
			files = (
			);
			runOnlyForDeploymentPostprocessing = 0;
		};
		691C72522E55FEA90040208B /* Sources */ = {
			isa = PBXSourcesBuildPhase;
			buildActionMask = 2147483647;
			files = (
			);
			runOnlyForDeploymentPostprocessing = 0;
		};
		691C725C2E55FEA90040208B /* Sources */ = {
			isa = PBXSourcesBuildPhase;
			buildActionMask = 2147483647;
			files = (
			);
			runOnlyForDeploymentPostprocessing = 0;
		};
/* End PBXSourcesBuildPhase section */

/* Begin PBXTargetDependency section */
		691C72582E55FEA90040208B /* PBXTargetDependency */ = {
			isa = PBXTargetDependency;
			target = 691C72462E55FEA70040208B /* RecipeNotes */;
			targetProxy = 691C72572E55FEA90040208B /* PBXContainerItemProxy */;
		};
		691C72622E55FEA90040208B /* PBXTargetDependency */ = {
			isa = PBXTargetDependency;
			target = 691C72462E55FEA70040208B /* RecipeNotes */;
			targetProxy = 691C72612E55FEA90040208B /* PBXContainerItemProxy */;
		};
/* End PBXTargetDependency section */

/* Begin XCBuildConfiguration section */
		691C72682E55FEA90040208B /* Debug */ = {
			isa = XCBuildConfiguration;
			buildSettings = {
				ALWAYS_SEARCH_USER_PATHS = NO;
				ASSETCATALOG_COMPILER_GENERATE_SWIFT_ASSET_SYMBOL_EXTENSIONS = YES;
				CLANG_ANALYZER_LOCALIZABILITY_NONLOCALIZED = YES;
				CLANG_ANALYZER_NONNULL = YES;
				CLANG_ANALYZER_NUMBER_OBJECT_CONVERSION = YES_AGGRESSIVE;
				CLANG_CXX_LANGUAGE_STANDARD = "gnu++20";
				CLANG_ENABLE_MODULES = YES;
				CLANG_ENABLE_OBJC_ARC = YES;
				CLANG_ENABLE_OBJC_WEAK = YES;
				CLANG_WARN_BLOCK_CAPTURE_AUTORELEASING = YES;
				CLANG_WARN_BOOL_CONVERSION = YES;
				CLANG_WARN_COMMA = YES;
				CLANG_WARN_CONSTANT_CONVERSION = YES;
				CLANG_WARN_DEPRECATED_OBJC_IMPLEMENTATIONS = YES;
				CLANG_WARN_DIRECT_OBJC_ISA_USAGE = YES_ERROR;
				CLANG_WARN_DOCUMENTATION_COMMENTS = YES;
				CLANG_WARN_EMPTY_BODY = YES;
				CLANG_WARN_ENUM_CONVERSION = YES;
				CLANG_WARN_INFINITE_RECURSION = YES;
				CLANG_WARN_INT_CONVERSION = YES;
				CLANG_WARN_NON_LITERAL_NULL_CONVERSION = YES;
				CLANG_WARN_OBJC_IMPLICIT_RETAIN_SELF = YES;
				CLANG_WARN_OBJC_LITERAL_CONVERSION = YES;
				CLANG_WARN_OBJC_ROOT_CLASS = YES_ERROR;
				CLANG_WARN_QUOTED_INCLUDE_IN_FRAMEWORK_HEADER = YES;
				CLANG_WARN_RANGE_LOOP_ANALYSIS = YES;
				CLANG_WARN_STRICT_PROTOTYPES = YES;
				CLANG_WARN_SUSPICIOUS_MOVE = YES;
				CLANG_WARN_UNGUARDED_AVAILABILITY = YES_AGGRESSIVE;
				CLANG_WARN_UNREACHABLE_CODE = YES;
				CLANG_WARN__DUPLICATE_METHOD_MATCH = YES;
				COPY_PHASE_STRIP = NO;
				DEBUG_INFORMATION_FORMAT = dwarf;
				ENABLE_STRICT_OBJC_MSGSEND = YES;
				ENABLE_TESTABILITY = YES;
				ENABLE_USER_SCRIPT_SANDBOXING = NO;
				GCC_C_LANGUAGE_STANDARD = gnu17;
				GCC_DYNAMIC_NO_PIC = NO;
				GCC_NO_COMMON_BLOCKS = YES;
				GCC_OPTIMIZATION_LEVEL = 0;
				GCC_PREPROCESSOR_DEFINITIONS = (
					"DEBUG=1",
					"$(inherited)",
				);
				GCC_WARN_64_TO_32_BIT_CONVERSION = YES;
				GCC_WARN_ABOUT_RETURN_TYPE = YES_ERROR;
				GCC_WARN_UNDECLARED_SELECTOR = YES;
				GCC_WARN_UNINITIALIZED_AUTOS = YES_AGGRESSIVE;
				GCC_WARN_UNUSED_FUNCTION = YES;
				GCC_WARN_UNUSED_VARIABLE = YES;
				IPHONEOS_DEPLOYMENT_TARGET = 18.5;
				LOCALIZATION_PREFERS_STRING_CATALOGS = YES;
				MTL_ENABLE_DEBUG_INFO = INCLUDE_SOURCE;
				MTL_FAST_MATH = YES;
				ONLY_ACTIVE_ARCH = YES;
				SDKROOT = iphoneos;
				SWIFT_ACTIVE_COMPILATION_CONDITIONS = "DEBUG $(inherited)";
				SWIFT_EMIT_LOC_STRINGS = YES;
				SWIFT_OPTIMIZATION_LEVEL = "-Onone";
			};
			name = Debug;
		};
		691C72692E55FEA90040208B /* Release */ = {
			isa = XCBuildConfiguration;
			buildSettings = {
				ALWAYS_SEARCH_USER_PATHS = NO;
				ASSETCATALOG_COMPILER_GENERATE_SWIFT_ASSET_SYMBOL_EXTENSIONS = YES;
				CLANG_ANALYZER_LOCALIZABILITY_NONLOCALIZED = YES;
				CLANG_ANALYZER_NONNULL = YES;
				CLANG_ANALYZER_NUMBER_OBJECT_CONVERSION = YES_AGGRESSIVE;
				CLANG_CXX_LANGUAGE_STANDARD = "gnu++20";
				CLANG_ENABLE_MODULES = YES;
				CLANG_ENABLE_OBJC_ARC = YES;
				CLANG_ENABLE_OBJC_WEAK = YES;
				CLANG_WARN_BLOCK_CAPTURE_AUTORELEASING = YES;
				CLANG_WARN_BOOL_CONVERSION = YES;
				CLANG_WARN_COMMA = YES;
				CLANG_WARN_CONSTANT_CONVERSION = YES;
				CLANG_WARN_DEPRECATED_OBJC_IMPLEMENTATIONS = YES;
				CLANG_WARN_DIRECT_OBJC_ISA_USAGE = YES_ERROR;
				CLANG_WARN_DOCUMENTATION_COMMENTS = YES;
				CLANG_WARN_EMPTY_BODY = YES;
				CLANG_WARN_ENUM_CONVERSION = YES;
				CLANG_WARN_INFINITE_RECURSION = YES;
				CLANG_WARN_INT_CONVERSION = YES;
				CLANG_WARN_NON_LITERAL_NULL_CONVERSION = YES;
				CLANG_WARN_OBJC_IMPLICIT_RETAIN_SELF = YES;
				CLANG_WARN_OBJC_LITERAL_CONVERSION = YES;
				CLANG_WARN_OBJC_ROOT_CLASS = YES_ERROR;
				CLANG_WARN_QUOTED_INCLUDE_IN_FRAMEWORK_HEADER = YES;
				CLANG_WARN_RANGE_LOOP_ANALYSIS = YES;
				CLANG_WARN_STRICT_PROTOTYPES = YES;
				CLANG_WARN_SUSPICIOUS_MOVE = YES;
				CLANG_WARN_UNGUARDED_AVAILABILITY = YES_AGGRESSIVE;
				CLANG_WARN_UNREACHABLE_CODE = YES;
				CLANG_WARN__DUPLICATE_METHOD_MATCH = YES;
				COPY_PHASE_STRIP = NO;
				DEBUG_INFORMATION_FORMAT = "dwarf-with-dsym";
				ENABLE_NS_ASSERTIONS = NO;
				ENABLE_STRICT_OBJC_MSGSEND = YES;
				ENABLE_USER_SCRIPT_SANDBOXING = NO;
				GCC_C_LANGUAGE_STANDARD = gnu17;
				GCC_NO_COMMON_BLOCKS = YES;
				GCC_WARN_64_TO_32_BIT_CONVERSION = YES;
				GCC_WARN_ABOUT_RETURN_TYPE = YES_ERROR;
				GCC_WARN_UNDECLARED_SELECTOR = YES;
				GCC_WARN_UNINITIALIZED_AUTOS = YES_AGGRESSIVE;
				GCC_WARN_UNUSED_FUNCTION = YES;
				GCC_WARN_UNUSED_VARIABLE = YES;
				IPHONEOS_DEPLOYMENT_TARGET = 18.5;
				LOCALIZATION_PREFERS_STRING_CATALOGS = YES;
				MTL_ENABLE_DEBUG_INFO = NO;
				MTL_FAST_MATH = YES;
				SDKROOT = iphoneos;
				SWIFT_COMPILATION_MODE = wholemodule;
				SWIFT_EMIT_LOC_STRINGS = YES;
				VALIDATE_PRODUCT = YES;
			};
			name = Release;
		};
		691C726B2E55FEA90040208B /* Debug */ = {
			isa = XCBuildConfiguration;
			baseConfigurationReference = EB164F0AEE4C73C9DF52AA37 /* Pods-RecipeNotes.debug.xcconfig */;
			buildSettings = {
				ASSETCATALOG_COMPILER_APPICON_NAME = AppIcon;
				ASSETCATALOG_COMPILER_GLOBAL_ACCENT_COLOR_NAME = AccentColor;
				CODE_SIGN_STYLE = Automatic;
				CURRENT_PROJECT_VERSION = 1;
				DEVELOPMENT_TEAM = 9LW6FG8K55;
				ENABLE_PREVIEWS = YES;
				GENERATE_INFOPLIST_FILE = YES;
				INFOPLIST_KEY_CFBundleDisplayName = "Recipe Notes";
				INFOPLIST_KEY_LSApplicationCategoryType = "public.app-category.food-and-drink";
				INFOPLIST_KEY_UIApplicationSceneManifest_Generation = YES;
				INFOPLIST_KEY_UIApplicationSupportsIndirectInputEvents = YES;
				INFOPLIST_KEY_UILaunchScreen_Generation = YES;
				INFOPLIST_KEY_UISupportedInterfaceOrientations = "UIInterfaceOrientationLandscapeLeft UIInterfaceOrientationLandscapeRight UIInterfaceOrientationPortrait";
				INFOPLIST_KEY_UISupportedInterfaceOrientations_iPad = "UIInterfaceOrientationLandscapeLeft UIInterfaceOrientationLandscapeRight UIInterfaceOrientationPortrait UIInterfaceOrientationPortraitUpsideDown";
				LD_RUNPATH_SEARCH_PATHS = (
					"$(inherited)",
					"@executable_path/Frameworks",
				);
				MARKETING_VERSION = 0.2.0;
				PRODUCT_BUNDLE_IDENTIFIER = com.lemonteasour.RecipeNotes;
				PRODUCT_NAME = "$(TARGET_NAME)";
				SUPPORTED_PLATFORMS = "iphoneos iphonesimulator";
				SUPPORTS_MACCATALYST = NO;
				SUPPORTS_XR_DESIGNED_FOR_IPHONE_IPAD = NO;
				SWIFT_EMIT_LOC_STRINGS = YES;
				SWIFT_VERSION = 5.0;
				TARGETED_DEVICE_FAMILY = 1;
			};
			name = Debug;
		};
		691C726C2E55FEA90040208B /* Release */ = {
			isa = XCBuildConfiguration;
			baseConfigurationReference = EB7A504154B870D1FA1BCA8E /* Pods-RecipeNotes.release.xcconfig */;
			buildSettings = {
				ASSETCATALOG_COMPILER_APPICON_NAME = AppIcon;
				ASSETCATALOG_COMPILER_GLOBAL_ACCENT_COLOR_NAME = AccentColor;
				CODE_SIGN_STYLE = Automatic;
				CURRENT_PROJECT_VERSION = 1;
				DEVELOPMENT_TEAM = 9LW6FG8K55;
				ENABLE_PREVIEWS = YES;
				GENERATE_INFOPLIST_FILE = YES;
				INFOPLIST_KEY_CFBundleDisplayName = "Recipe Notes";
				INFOPLIST_KEY_LSApplicationCategoryType = "public.app-category.food-and-drink";
				INFOPLIST_KEY_UIApplicationSceneManifest_Generation = YES;
				INFOPLIST_KEY_UIApplicationSupportsIndirectInputEvents = YES;
				INFOPLIST_KEY_UILaunchScreen_Generation = YES;
				INFOPLIST_KEY_UISupportedInterfaceOrientations = "UIInterfaceOrientationLandscapeLeft UIInterfaceOrientationLandscapeRight UIInterfaceOrientationPortrait";
				INFOPLIST_KEY_UISupportedInterfaceOrientations_iPad = "UIInterfaceOrientationLandscapeLeft UIInterfaceOrientationLandscapeRight UIInterfaceOrientationPortrait UIInterfaceOrientationPortraitUpsideDown";
				LD_RUNPATH_SEARCH_PATHS = (
					"$(inherited)",
					"@executable_path/Frameworks",
				);
				MARKETING_VERSION = 0.2.0;
				PRODUCT_BUNDLE_IDENTIFIER = com.lemonteasour.RecipeNotes;
				PRODUCT_NAME = "$(TARGET_NAME)";
				SUPPORTED_PLATFORMS = "iphoneos iphonesimulator";
				SUPPORTS_MACCATALYST = NO;
				SUPPORTS_XR_DESIGNED_FOR_IPHONE_IPAD = NO;
				SWIFT_EMIT_LOC_STRINGS = YES;
				SWIFT_VERSION = 5.0;
				TARGETED_DEVICE_FAMILY = 1;
			};
			name = Release;
		};
		691C726E2E55FEA90040208B /* Debug */ = {
			isa = XCBuildConfiguration;
			baseConfigurationReference = 7E5DCFA647807BC2BBA852BD /* Pods-RecipeNotesTests.debug.xcconfig */;
			buildSettings = {
				BUNDLE_LOADER = "$(TEST_HOST)";
				CODE_SIGN_STYLE = Automatic;
				CURRENT_PROJECT_VERSION = 1;
				GENERATE_INFOPLIST_FILE = YES;
				IPHONEOS_DEPLOYMENT_TARGET = 18.5;
				MARKETING_VERSION = 1.0;
				PRODUCT_BUNDLE_IDENTIFIER = com.lemonteasour.RecipeNotesTests;
				PRODUCT_NAME = "$(TARGET_NAME)";
				SWIFT_EMIT_LOC_STRINGS = NO;
				SWIFT_VERSION = 5.0;
				TARGETED_DEVICE_FAMILY = "1,2";
				TEST_HOST = "$(BUILT_PRODUCTS_DIR)/RecipeNotes.app/$(BUNDLE_EXECUTABLE_FOLDER_PATH)/RecipeNotes";
			};
			name = Debug;
		};
		691C726F2E55FEA90040208B /* Release */ = {
			isa = XCBuildConfiguration;
			baseConfigurationReference = 317246E0687E4B9E5E40E1C9 /* Pods-RecipeNotesTests.release.xcconfig */;
			buildSettings = {
				BUNDLE_LOADER = "$(TEST_HOST)";
				CODE_SIGN_STYLE = Automatic;
				CURRENT_PROJECT_VERSION = 1;
				GENERATE_INFOPLIST_FILE = YES;
				IPHONEOS_DEPLOYMENT_TARGET = 18.5;
				MARKETING_VERSION = 1.0;
				PRODUCT_BUNDLE_IDENTIFIER = com.lemonteasour.RecipeNotesTests;
				PRODUCT_NAME = "$(TARGET_NAME)";
				SWIFT_EMIT_LOC_STRINGS = NO;
				SWIFT_VERSION = 5.0;
				TARGETED_DEVICE_FAMILY = "1,2";
				TEST_HOST = "$(BUILT_PRODUCTS_DIR)/RecipeNotes.app/$(BUNDLE_EXECUTABLE_FOLDER_PATH)/RecipeNotes";
			};
			name = Release;
		};
		691C72712E55FEA90040208B /* Debug */ = {
			isa = XCBuildConfiguration;
			baseConfigurationReference = B42851E6FE9FB746F9A42274 /* Pods-RecipeNotes-RecipeNotesUITests.debug.xcconfig */;
			buildSettings = {
				CODE_SIGN_STYLE = Automatic;
				CURRENT_PROJECT_VERSION = 1;
				GENERATE_INFOPLIST_FILE = YES;
				MARKETING_VERSION = 1.0;
				PRODUCT_BUNDLE_IDENTIFIER = com.lemonteasour.RecipeNotesUITests;
				PRODUCT_NAME = "$(TARGET_NAME)";
				SWIFT_EMIT_LOC_STRINGS = NO;
				SWIFT_VERSION = 5.0;
				TARGETED_DEVICE_FAMILY = "1,2";
				TEST_TARGET_NAME = RecipeNotes;
			};
			name = Debug;
		};
		691C72722E55FEA90040208B /* Release */ = {
			isa = XCBuildConfiguration;
			baseConfigurationReference = B0ACF7138F23BB9AB19068B4 /* Pods-RecipeNotes-RecipeNotesUITests.release.xcconfig */;
			buildSettings = {
				CODE_SIGN_STYLE = Automatic;
				CURRENT_PROJECT_VERSION = 1;
				GENERATE_INFOPLIST_FILE = YES;
				MARKETING_VERSION = 1.0;
				PRODUCT_BUNDLE_IDENTIFIER = com.lemonteasour.RecipeNotesUITests;
				PRODUCT_NAME = "$(TARGET_NAME)";
				SWIFT_EMIT_LOC_STRINGS = NO;
				SWIFT_VERSION = 5.0;
				TARGETED_DEVICE_FAMILY = "1,2";
				TEST_TARGET_NAME = RecipeNotes;
			};
			name = Release;
		};
/* End XCBuildConfiguration section */

/* Begin XCConfigurationList section */
		691C72422E55FEA70040208B /* Build configuration list for PBXProject "RecipeNotes" */ = {
			isa = XCConfigurationList;
			buildConfigurations = (
				691C72682E55FEA90040208B /* Debug */,
				691C72692E55FEA90040208B /* Release */,
			);
			defaultConfigurationIsVisible = 0;
			defaultConfigurationName = Release;
		};
		691C726A2E55FEA90040208B /* Build configuration list for PBXNativeTarget "RecipeNotes" */ = {
			isa = XCConfigurationList;
			buildConfigurations = (
				691C726B2E55FEA90040208B /* Debug */,
				691C726C2E55FEA90040208B /* Release */,
			);
			defaultConfigurationIsVisible = 0;
			defaultConfigurationName = Release;
		};
		691C726D2E55FEA90040208B /* Build configuration list for PBXNativeTarget "RecipeNotesTests" */ = {
			isa = XCConfigurationList;
			buildConfigurations = (
				691C726E2E55FEA90040208B /* Debug */,
				691C726F2E55FEA90040208B /* Release */,
			);
			defaultConfigurationIsVisible = 0;
			defaultConfigurationName = Release;
		};
		691C72702E55FEA90040208B /* Build configuration list for PBXNativeTarget "RecipeNotesUITests" */ = {
			isa = XCConfigurationList;
			buildConfigurations = (
				691C72712E55FEA90040208B /* Debug */,
				691C72722E55FEA90040208B /* Release */,
			);
			defaultConfigurationIsVisible = 0;
			defaultConfigurationName = Release;
		};
/* End XCConfigurationList section */
	};
	rootObject = 691C723F2E55FEA70040208B /* Project object */;
}
